<?xml version="1.0" encoding="utf-8"?>
<Project ToolsVersion="4.0" xmlns="http://schemas.microsoft.com/developer/msbuild/2003">
  <ItemGroup>
    <Filter Include="源文件">
      <UniqueIdentifier>{4FC737F1-C7A5-4376-A066-2A32D752A2FF}</UniqueIdentifier>
      <Extensions>cpp;c;cc;cxx;c++;cppm;ixx;def;odl;idl;hpj;bat;asm;asmx</Extensions>
    </Filter>
    <Filter Include="头文件">
      <UniqueIdentifier>{93995380-89BD-4b04-88EB-625FBE52EBFB}</UniqueIdentifier>
      <Extensions>h;hh;hpp;hxx;h++;hm;inl;inc;ipp;xsd</Extensions>
    </Filter>
    <Filter Include="资源文件">
      <UniqueIdentifier>{67DA6AB6-F800-4c08-8B7A-83BB121AAD01}</UniqueIdentifier>
      <Extensions>rc;ico;cur;bmp;dlg;rc2;rct;bin;rgs;gif;jpg;jpeg;jpe;resx;tiff;tif;png;wav;mfcribbon-ms</Extensions>
    </Filter>
    <Filter Include="头文件\SeqList">
      <UniqueIdentifier>{e900382e-d077-4213-ae6b-3487f053a0da}</UniqueIdentifier>
    </Filter>
    <Filter Include="源文件\SeqList">
      <UniqueIdentifier>{cd95577d-5edd-4476-b6ee-928cc5c15fb3}</UniqueIdentifier>
    </Filter>
    <Filter Include="源文件\SeqList\PhoneBook">
      <UniqueIdentifier>{189175b0-af90-4c1a-9f7e-f01c483db8ce}</UniqueIdentifier>
    </Filter>
    <Filter Include="资源文件\SeqList">
      <UniqueIdentifier>{22f6b3d8-abee-41d9-8576-c323dc51bee9}</UniqueIdentifier>
    </Filter>
    <Filter Include="资源文件\SeqList\PhoneBook">
      <UniqueIdentifier>{813ef5d2-57b1-42bb-af1c-7b8a5901fd9f}</UniqueIdentifier>
    </Filter>
    <Filter Include="头文件\SList">
      <UniqueIdentifier>{b168ed2b-e04b-48c0-83c6-917a585d61e3}</UniqueIdentifier>
    </Filter>
    <Filter Include="源文件\SList">
      <UniqueIdentifier>{6dd2a3e0-fcae-4939-a124-9e6db85778b6}</UniqueIdentifier>
    </Filter>
    <Filter Include="资源文件\SList">
      <UniqueIdentifier>{bd933637-9363-4d5f-a3e4-375afbbe7f12}</UniqueIdentifier>
    </Filter>
    <Filter Include="头文件\SList\PhoneBook">
      <UniqueIdentifier>{a77abf7c-17e0-463e-bf34-ece95a650fd0}</UniqueIdentifier>
    </Filter>
    <Filter Include="源文件\SList\PhoneBook">
      <UniqueIdentifier>{95b469f4-93bd-4327-afa7-caabb07f0875}</UniqueIdentifier>
    </Filter>
    <Filter Include="资源文件\SList\PhoneBook">
      <UniqueIdentifier>{b449a831-a247-4348-85f8-d945084782cb}</UniqueIdentifier>
    </Filter>
    <Filter Include="头文件\List">
      <UniqueIdentifier>{429f3f4f-6214-403d-8744-f055bda4493e}</UniqueIdentifier>
    </Filter>
    <Filter Include="源文件\List">
      <UniqueIdentifier>{7fa30803-c592-4b96-9e8d-29da2d92a878}</UniqueIdentifier>
    </Filter>
    <Filter Include="资源文件\List">
      <UniqueIdentifier>{6baa5f22-599a-47e4-ae92-e2f2a7318973}</UniqueIdentifier>
    </Filter>
    <Filter Include="头文件\Stack">
      <UniqueIdentifier>{89c7cfb9-2096-4e8e-a8c1-23a99dcd2906}</UniqueIdentifier>
    </Filter>
    <Filter Include="源文件\Stack">
      <UniqueIdentifier>{5a27ef28-a47a-4622-b258-58b4e7c35ae9}</UniqueIdentifier>
    </Filter>
    <Filter Include="资源文件\Stack">
      <UniqueIdentifier>{afeeeb7e-665d-4d32-a99a-29772a61a563}</UniqueIdentifier>
    </Filter>
    <Filter Include="头文件\Queue">
      <UniqueIdentifier>{f4f1d386-c4c9-4694-b8f7-82f12e279e99}</UniqueIdentifier>
    </Filter>
    <Filter Include="源文件\Queue">
      <UniqueIdentifier>{86a72e39-26e2-4d0d-9efc-ed044a341680}</UniqueIdentifier>
    </Filter>
    <Filter Include="资源文件\Queue">
      <UniqueIdentifier>{c503a4d1-88be-4c3e-90de-1424bbb9556f}</UniqueIdentifier>
    </Filter>
    <Filter Include="头文件\SeqList\StuManage">
      <UniqueIdentifier>{23e61bed-695b-4283-950b-4961b893f460}</UniqueIdentifier>
    </Filter>
    <Filter Include="头文件\SeqList\PhoneBook">
      <UniqueIdentifier>{ac78e802-5764-4cb7-9b55-6fc7ac5812a8}</UniqueIdentifier>
    </Filter>
    <Filter Include="源文件\SeqList\StuManage">
      <UniqueIdentifier>{86bf7700-cf55-4c59-82c3-bfbb51cf0f1f}</UniqueIdentifier>
    </Filter>
    <Filter Include="资源文件\SeqList\StuManage">
      <UniqueIdentifier>{07bdc006-8428-41bf-84bd-0970d55edc16}</UniqueIdentifier>
    </Filter>
    <Filter Include="头文件\Heap">
      <UniqueIdentifier>{fd4b5564-b9a2-4fb4-ba51-20672dfd9787}</UniqueIdentifier>
    </Filter>
    <Filter Include="源文件\Heap">
      <UniqueIdentifier>{7bf04554-369f-41d0-863e-f9c4f34fa954}</UniqueIdentifier>
    </Filter>
    <Filter Include="资源文件\Heap">
      <UniqueIdentifier>{50b2d1d8-4961-4d6c-a8b2-afbe86fc91c1}</UniqueIdentifier>
    </Filter>
  </ItemGroup>
  <ItemGroup>
    <None Include="README.md">
      <Filter>资源文件</Filter>
    </None>
  </ItemGroup>
</Project>